
Microsoft Visual Studio Solution File, Format Version 12.00
# Visual Studio Version 17
VisualStudioVersion = 17.8.34408.163
MinimumVisualStudioVersion = 10.0.40219.1
Project("{9A19103F-16F7-4668-BE54-9A1E7A4F7556}") = "Blasphemous.OneHitKill", "Blasphemous.OneHitKill\Blasphemous.OneHitKill.csproj", "{A80127F6-88D2-4ACC-8582-EB2B16440372}"
EndProject
Global
	GlobalSection(SolutionConfigurationPlatforms) = preSolution
		Debug|Any CPU = Debug|Any CPU
		Release|Any CPU = Release|Any CPU
	EndGlobalSection
	GlobalSection(ProjectConfigurationPlatforms) = postSolution
		{A80127F6-88D2-4ACC-8582-EB2B16440372}.Debug|Any CPU.ActiveCfg = Debug|Any CPU
		{A80127F6-88D2-4ACC-8582-EB2B16440372}.Debug|Any CPU.Build.0 = Debug|Any CPU
		{A80127F6-88D2-4ACC-8582-EB2B16440372}.Release|Any CPU.ActiveCfg = Release|Any CPU
		{A80127F6-88D2-4ACC-8582-EB2B16440372}.Release|Any CPU.Build.0 = Release|Any CPU
	EndGlobalSection
	GlobalSection(SolutionProperties) = preSolution
		HideSolutionNode = FALSE
	EndGlobalSection
	GlobalSection(ExtensibilityGlobals) = postSolution
		SolutionGuid = {5B2A1804-B6C8-499A-89DF-DA331CE894D8}
	EndGlobalSection
EndGlobal
